
Microsoft Visual Studio Solution File, Format Version 12.00
# Visual Studio Version 17
VisualStudioVersion = 17.14.37216.2 d17.14
MinimumVisualStudioVersion = 10.0.40219.1
Project("{FAE04EC0-301F-11D3-BF4B-00C04F79EFBC}") = "TravelQuotesApi", "TravelQuotesApi.csproj", "{8698F3B4-A309-4754-9DDC-3395226F1723}"
EndProject
Global
	GlobalSection(SolutionConfigurationPlatforms) = preSolution
		Debug|Any CPU = Debug|Any CPU
		Release|Any CPU = Release|Any CPU
	EndGlobalSection
	GlobalSection(ProjectConfigurationPlatforms) = postSolution
		{8698F3B4-A309-4754-9DDC-3395226F1723}.Debug|Any CPU.ActiveCfg = Debug|Any CPU
		{8698F3B4-A309-4754-9DDC-3395226F1723}.Debug|Any CPU.Build.0 = Debug|Any CPU
		{8698F3B4-A309-4754-9DDC-3395226F1723}.Release|Any CPU.ActiveCfg = Release|Any CPU
		{8698F3B4-A309-4754-9DDC-3395226F1723}.Release|Any CPU.Build.0 = Release|Any CPU
	EndGlobalSection
	GlobalSection(SolutionProperties) = preSolution
		HideSolutionNode = FALSE
	EndGlobalSection
	GlobalSection(ExtensibilityGlobals) = postSolution
		SolutionGuid = {DB0BE4C5-CD10-48E0-84F4-2EADCEC753A6}
	EndGlobalSection
EndGlobal
